// !$*UTF8*$!
{
	archiveVersion = 1;
	classes = {
	};
	objectVersion = 46;
	objects = {

/* Begin PBXBuildFile section */
		7134F01A1C4EDF2A006AACEF /* TealiumIOS.framework in Frameworks */ = {isa = PBXBuildFile; fileRef = 71E3BA611C44F5360027FC8D /* TealiumIOS.framework */; };
		7134F01B1C4EDF2A006AACEF /* TealiumIOS.framework in Embed Frameworks */ = {isa = PBXBuildFile; fileRef = 71E3BA611C44F5360027FC8D /* TealiumIOS.framework */; settings = {ATTRIBUTES = (CodeSignOnCopy, RemoveHeadersOnCopy, ); }; };
		717E697D1BF03130002FED27 /* main.m in Sources */ = {isa = PBXBuildFile; fileRef = 717E697C1BF03130002FED27 /* main.m */; };
		717E69801BF03130002FED27 /* AppDelegate.m in Sources */ = {isa = PBXBuildFile; fileRef = 717E697F1BF03130002FED27 /* AppDelegate.m */; };
		717E69831BF03130002FED27 /* ViewController.m in Sources */ = {isa = PBXBuildFile; fileRef = 717E69821BF03130002FED27 /* ViewController.m */; };
		717E69861BF03130002FED27 /* Main.storyboard in Resources */ = {isa = PBXBuildFile; fileRef = 717E69841BF03130002FED27 /* Main.storyboard */; };
		717E69881BF03130002FED27 /* Assets.xcassets in Resources */ = {isa = PBXBuildFile; fileRef = 717E69871BF03130002FED27 /* Assets.xcassets */; };
		717E698B1BF03130002FED27 /* LaunchScreen.storyboard in Resources */ = {isa = PBXBuildFile; fileRef = 717E69891BF03130002FED27 /* LaunchScreen.storyboard */; };
		717E69961BF03130002FED27 /* TealiumBlankAppTests.m in Sources */ = {isa = PBXBuildFile; fileRef = 717E69951BF03130002FED27 /* TealiumBlankAppTests.m */; };
		717E69A11BF03131002FED27 /* TealiumBlankAppUITests.m in Sources */ = {isa = PBXBuildFile; fileRef = 717E69A01BF03131002FED27 /* TealiumBlankAppUITests.m */; };
		71A5A2BE1BFA417000F6E572 /* TealiumHelper.m in Sources */ = {isa = PBXBuildFile; fileRef = 71A5A2BD1BFA417000F6E572 /* TealiumHelper.m */; };
/* End PBXBuildFile section */

/* Begin PBXContainerItemProxy section */
		717E69921BF03130002FED27 /* PBXContainerItemProxy */ = {
			isa = PBXContainerItemProxy;
			containerPortal = 717E69701BF03130002FED27 /* Project object */;
			proxyType = 1;
			remoteGlobalIDString = 717E69771BF03130002FED27;
			remoteInfo = TealiumBlankApp;
		};
		717E699D1BF03131002FED27 /* PBXContainerItemProxy */ = {
			isa = PBXContainerItemProxy;
			containerPortal = 717E69701BF03130002FED27 /* Project object */;
			proxyType = 1;
			remoteGlobalIDString = 717E69771BF03130002FED27;
			remoteInfo = TealiumBlankApp;
		};
/* End PBXContainerItemProxy section */

/* Begin PBXCopyFilesBuildPhase section */
		717E6B2A1BF10586002FED27 /* Embed Frameworks */ = {
			isa = PBXCopyFilesBuildPhase;
			buildActionMask = 2147483647;
			dstPath = "";
			dstSubfolderSpec = 10;
			files = (
				7134F01B1C4EDF2A006AACEF /* TealiumIOS.framework in Embed Frameworks */,
			);
			name = "Embed Frameworks";
			runOnlyForDeploymentPostprocessing = 0;
		};
/* End PBXCopyFilesBuildPhase section */

/* Begin PBXFileReference section */
		717E69781BF03130002FED27 /* Blank+Tealium-ObjC.app */ = {isa = PBXFileReference; explicitFileType = wrapper.application; includeInIndex = 0; path = "Blank+Tealium-ObjC.app"; sourceTree = BUILT_PRODUCTS_DIR; };
		717E697C1BF03130002FED27 /* main.m */ = {isa = PBXFileReference; lastKnownFileType = sourcecode.c.objc; path = main.m; sourceTree = "<group>"; };
		717E697E1BF03130002FED27 /* AppDelegate.h */ = {isa = PBXFileReference; lastKnownFileType = sourcecode.c.h; path = AppDelegate.h; sourceTree = "<group>"; };
		717E697F1BF03130002FED27 /* AppDelegate.m */ = {isa = PBXFileReference; lastKnownFileType = sourcecode.c.objc; path = AppDelegate.m; sourceTree = "<group>"; };
		717E69811BF03130002FED27 /* ViewController.h */ = {isa = PBXFileReference; lastKnownFileType = sourcecode.c.h; path = ViewController.h; sourceTree = "<group>"; };
		717E69821BF03130002FED27 /* ViewController.m */ = {isa = PBXFileReference; lastKnownFileType = sourcecode.c.objc; path = ViewController.m; sourceTree = "<group>"; };
		717E69851BF03130002FED27 /* Base */ = {isa = PBXFileReference; lastKnownFileType = file.storyboard; name = Base; path = Base.lproj/Main.storyboard; sourceTree = "<group>"; };
		717E69871BF03130002FED27 /* Assets.xcassets */ = {isa = PBXFileReference; lastKnownFileType = folder.assetcatalog; path = Assets.xcassets; sourceTree = "<group>"; };
		717E698A1BF03130002FED27 /* Base */ = {isa = PBXFileReference; lastKnownFileType = file.storyboard; name = Base; path = Base.lproj/LaunchScreen.storyboard; sourceTree = "<group>"; };
		717E698C1BF03130002FED27 /* Info.plist */ = {isa = PBXFileReference; lastKnownFileType = text.plist.xml; path = Info.plist; sourceTree = "<group>"; };
		717E69911BF03130002FED27 /* Blank+Tealium-ObjC.xctest */ = {isa = PBXFileReference; explicitFileType = wrapper.cfbundle; includeInIndex = 0; path = "Blank+Tealium-ObjC.xctest"; sourceTree = BUILT_PRODUCTS_DIR; };
		717E69951BF03130002FED27 /* TealiumBlankAppTests.m */ = {isa = PBXFileReference; lastKnownFileType = sourcecode.c.objc; path = TealiumBlankAppTests.m; sourceTree = "<group>"; };
		717E69971BF03130002FED27 /* Info.plist */ = {isa = PBXFileReference; lastKnownFileType = text.plist.xml; path = Info.plist; sourceTree = "<group>"; };
		717E699C1BF03131002FED27 /* Blank+Tealium-ObjC.xctest */ = {isa = PBXFileReference; explicitFileType = wrapper.cfbundle; includeInIndex = 0; path = "Blank+Tealium-ObjC.xctest"; sourceTree = BUILT_PRODUCTS_DIR; };
		717E69A01BF03131002FED27 /* TealiumBlankAppUITests.m */ = {isa = PBXFileReference; lastKnownFileType = sourcecode.c.objc; path = TealiumBlankAppUITests.m; sourceTree = "<group>"; };
		717E69A21BF03131002FED27 /* Info.plist */ = {isa = PBXFileReference; lastKnownFileType = text.plist.xml; path = Info.plist; sourceTree = "<group>"; };
		717E69B01BF0500D002FED27 /* TealiumiOSBridgingHeader.h */ = {isa = PBXFileReference; fileEncoding = 4; lastKnownFileType = sourcecode.c.h; name = TealiumiOSBridgingHeader.h; path = ../../../../TealiumiOSBridgingHeader.h; sourceTree = "<group>"; };
		71A5A2BC1BFA417000F6E572 /* TealiumHelper.h */ = {isa = PBXFileReference; fileEncoding = 4; lastKnownFileType = sourcecode.c.h; name = TealiumHelper.h; path = TealiumBlankApp/TealiumHelper.h; sourceTree = "<group>"; };
		71A5A2BD1BFA417000F6E572 /* TealiumHelper.m */ = {isa = PBXFileReference; fileEncoding = 4; lastKnownFileType = sourcecode.c.objc; name = TealiumHelper.m; path = TealiumBlankApp/TealiumHelper.m; sourceTree = "<group>"; };
		71E3BA611C44F5360027FC8D /* TealiumIOS.framework */ = {isa = PBXFileReference; lastKnownFileType = wrapper.framework; name = TealiumIOS.framework; path = ../../TealiumIOS.framework; sourceTree = "<group>"; };
/* End PBXFileReference section */

/* Begin PBXFrameworksBuildPhase section */
		717E69751BF03130002FED27 /* Frameworks */ = {
			isa = PBXFrameworksBuildPhase;
			buildActionMask = 2147483647;
			files = (
				7134F01A1C4EDF2A006AACEF /* TealiumIOS.framework in Frameworks */,
			);
			runOnlyForDeploymentPostprocessing = 0;
		};
		717E698E1BF03130002FED27 /* Frameworks */ = {
			isa = PBXFrameworksBuildPhase;
			buildActionMask = 2147483647;
			files = (
			);
			runOnlyForDeploymentPostprocessing = 0;
		};
		717E69991BF03130002FED27 /* Frameworks */ = {
			isa = PBXFrameworksBuildPhase;
			buildActionMask = 2147483647;
			files = (
			);
			runOnlyForDeploymentPostprocessing = 0;
		};
/* End PBXFrameworksBuildPhase section */

/* Begin PBXGroup section */
		716E66E01BFFA28600E94183 /* Tealium */ = {
			isa = PBXGroup;
			children = (
				71A5A2BC1BFA417000F6E572 /* TealiumHelper.h */,
				71A5A2BD1BFA417000F6E572 /* TealiumHelper.m */,
				71E3BA611C44F5360027FC8D /* TealiumIOS.framework */,
			);
			name = Tealium;
			sourceTree = "<group>";
		};
		717E696F1BF03130002FED27 = {
			isa = PBXGroup;
			children = (
				717E697A1BF03130002FED27 /* TealiumBlankApp */,
				716E66E01BFFA28600E94183 /* Tealium */,
				717E69941BF03130002FED27 /* TealiumBlankAppTests */,
				717E699F1BF03131002FED27 /* TealiumBlankAppUITests */,
				717E69791BF03130002FED27 /* Products */,
			);
			sourceTree = "<group>";
		};
		717E69791BF03130002FED27 /* Products */ = {
			isa = PBXGroup;
			children = (
				717E69781BF03130002FED27 /* Blank+Tealium-ObjC.app */,
				717E69911BF03130002FED27 /* Blank+Tealium-ObjC.xctest */,
				717E699C1BF03131002FED27 /* Blank+Tealium-ObjC.xctest */,
			);
			name = Products;
			sourceTree = "<group>";
		};
		717E697A1BF03130002FED27 /* TealiumBlankApp */ = {
			isa = PBXGroup;
			children = (
				717E697E1BF03130002FED27 /* AppDelegate.h */,
				717E697F1BF03130002FED27 /* AppDelegate.m */,
				717E69811BF03130002FED27 /* ViewController.h */,
				717E69821BF03130002FED27 /* ViewController.m */,
				717E69841BF03130002FED27 /* Main.storyboard */,
				717E69871BF03130002FED27 /* Assets.xcassets */,
				717E69891BF03130002FED27 /* LaunchScreen.storyboard */,
				717E698C1BF03130002FED27 /* Info.plist */,
				717E697B1BF03130002FED27 /* Supporting Files */,
			);
			path = TealiumBlankApp;
			sourceTree = "<group>";
		};
		717E697B1BF03130002FED27 /* Supporting Files */ = {
			isa = PBXGroup;
			children = (
				717E69B01BF0500D002FED27 /* TealiumiOSBridgingHeader.h */,
				717E697C1BF03130002FED27 /* main.m */,
			);
			name = "Supporting Files";
			sourceTree = "<group>";
		};
		717E69941BF03130002FED27 /* TealiumBlankAppTests */ = {
			isa = PBXGroup;
			children = (
				717E69951BF03130002FED27 /* TealiumBlankAppTests.m */,
				717E69971BF03130002FED27 /* Info.plist */,
			);
			path = TealiumBlankAppTests;
			sourceTree = "<group>";
		};
		717E699F1BF03131002FED27 /* TealiumBlankAppUITests */ = {
			isa = PBXGroup;
			children = (
				717E69A01BF03131002FED27 /* TealiumBlankAppUITests.m */,
				717E69A21BF03131002FED27 /* Info.plist */,
			);
			path = TealiumBlankAppUITests;
			sourceTree = "<group>";
		};
/* End PBXGroup section */

/* Begin PBXNativeTarget section */
		717E69771BF03130002FED27 /* Blank+Tealium-ObjC */ = {
			isa = PBXNativeTarget;
			buildConfigurationList = 717E69A51BF03131002FED27 /* Build configuration list for PBXNativeTarget "Blank+Tealium-ObjC" */;
			buildPhases = (
				717E69741BF03130002FED27 /* Sources */,
				717E69751BF03130002FED27 /* Frameworks */,
				717E69761BF03130002FED27 /* Resources */,
				717E6B2A1BF10586002FED27 /* Embed Frameworks */,
				7152217D1CCBEB260057596D /* ShellScript */,
			);
			buildRules = (
			);
			dependencies = (
			);
			name = "Blank+Tealium-ObjC";
			productName = TealiumBlankApp;
			productReference = 717E69781BF03130002FED27 /* Blank+Tealium-ObjC.app */;
			productType = "com.apple.product-type.application";
		};
		717E69901BF03130002FED27 /* Blank+Tealium-ObjCTests */ = {
			isa = PBXNativeTarget;
			buildConfigurationList = 717E69A81BF03131002FED27 /* Build configuration list for PBXNativeTarget "Blank+Tealium-ObjCTests" */;
			buildPhases = (
				717E698D1BF03130002FED27 /* Sources */,
				717E698E1BF03130002FED27 /* Frameworks */,
				717E698F1BF03130002FED27 /* Resources */,
			);
			buildRules = (
			);
			dependencies = (
				717E69931BF03130002FED27 /* PBXTargetDependency */,
			);
			name = "Blank+Tealium-ObjCTests";
			productName = TealiumBlankAppTests;
			productReference = 717E69911BF03130002FED27 /* Blank+Tealium-ObjC.xctest */;
			productType = "com.apple.product-type.bundle.unit-test";
		};
		717E699B1BF03130002FED27 /* Blank+Tealium-ObjCUITests */ = {
			isa = PBXNativeTarget;
			buildConfigurationList = 717E69AB1BF03131002FED27 /* Build configuration list for PBXNativeTarget "Blank+Tealium-ObjCUITests" */;
			buildPhases = (
				717E69981BF03130002FED27 /* Sources */,
				717E69991BF03130002FED27 /* Frameworks */,
				717E699A1BF03130002FED27 /* Resources */,
			);
			buildRules = (
			);
			dependencies = (
				717E699E1BF03131002FED27 /* PBXTargetDependency */,
			);
			name = "Blank+Tealium-ObjCUITests";
			productName = TealiumBlankAppUITests;
			productReference = 717E699C1BF03131002FED27 /* Blank+Tealium-ObjC.xctest */;
			productType = "com.apple.product-type.bundle.ui-testing";
		};
/* End PBXNativeTarget section */

/* Begin PBXProject section */
		717E69701BF03130002FED27 /* Project object */ = {
			isa = PBXProject;
			attributes = {
				LastUpgradeCheck = 0710;
				ORGANIZATIONNAME = Tealium;
				TargetAttributes = {
					717E69771BF03130002FED27 = {
						CreatedOnToolsVersion = 7.1;
					};
					717E69901BF03130002FED27 = {
						CreatedOnToolsVersion = 7.1;
						TestTargetID = 717E69771BF03130002FED27;
					};
					717E699B1BF03130002FED27 = {
						CreatedOnToolsVersion = 7.1;
						TestTargetID = 717E69771BF03130002FED27;
					};
				};
			};
			buildConfigurationList = 717E69731BF03130002FED27 /* Build configuration list for PBXProject "Blank+Tealium-ObjC" */;
			compatibilityVersion = "Xcode 3.2";
			developmentRegion = English;
			hasScannedForEncodings = 0;
			knownRegions = (
				en,
				Base,
			);
			mainGroup = 717E696F1BF03130002FED27;
			productRefGroup = 717E69791BF03130002FED27 /* Products */;
			projectDirPath = "";
			projectRoot = "";
			targets = (
				717E69771BF03130002FED27 /* Blank+Tealium-ObjC */,
				717E69901BF03130002FED27 /* Blank+Tealium-ObjCTests */,
				717E699B1BF03130002FED27 /* Blank+Tealium-ObjCUITests */,
			);
		};
/* End PBXProject section */

/* Begin PBXResourcesBuildPhase section */
		717E69761BF03130002FED27 /* Resources */ = {
			isa = PBXResourcesBuildPhase;
			buildActionMask = 2147483647;
			files = (
				717E698B1BF03130002FED27 /* LaunchScreen.storyboard in Resources */,
				717E69881BF03130002FED27 /* Assets.xcassets in Resources */,
				717E69861BF03130002FED27 /* Main.storyboard in Resources */,
			);
			runOnlyForDeploymentPostprocessing = 0;
		};
		717E698F1BF03130002FED27 /* Resources */ = {
			isa = PBXResourcesBuildPhase;
			buildActionMask = 2147483647;
			files = (
			);
			runOnlyForDeploymentPostprocessing = 0;
		};
		717E699A1BF03130002FED27 /* Resources */ = {
			isa = PBXResourcesBuildPhase;
			buildActionMask = 2147483647;
			files = (
			);
			runOnlyForDeploymentPostprocessing = 0;
		};
/* End PBXResourcesBuildPhase section */

/* Begin PBXShellScriptBuildPhase section */
		7152217D1CCBEB260057596D /* ShellScript */ = {
			isa = PBXShellScriptBuildPhase;
			buildActionMask = 2147483647;
			files = (
			);
			inputPaths = (
			);
			outputPaths = (
			);
			runOnlyForDeploymentPostprocessing = 0;
			shellPath = /bin/sh;
			shellScript = "################################################################################\n#\n# Copyright 2015 Realm Inc.\n#\n# Licensed under the Apache License, Version 2.0 (the \"License\");\n# you may not use this file except in compliance with the License.\n# You may obtain a copy of the License at\n#\n# http://www.apache.org/licenses/LICENSE-2.0\n#\n# Unless required by applicable law or agreed to in writing, software\n# distributed under the License is distributed on an \"AS IS\" BASIS,\n# WITHOUT WARRANTIES OR CONDITIONS OF ANY KIND, either express or implied.\n# See the License for the specific language governing permissions and\n# limitations under the License.\n#\n################################################################################\n\n# This script strips all non-valid architectures from dynamic libraries in\n# the application's `Frameworks` directory.\n#\n# The following environment variables are required:\n#\n# BUILT_PRODUCTS_DIR\n# FRAMEWORKS_FOLDER_PATH\n# VALID_ARCHS\n# EXPANDED_CODE_SIGN_IDENTITY\n\n\n# Signs a framework with the provided identity\ncode_sign() {\n    # Use the current code_sign_identitiy\n    echo \"Code Signing $1 with Identity ${EXPANDED_CODE_SIGN_IDENTITY_NAME}\"\n    echo \"/usr/bin/codesign --force --sign ${EXPANDED_CODE_SIGN_IDENTITY} --preserve-metadata=identifier,entitlements $1\"\n    /usr/bin/codesign --force --sign ${EXPANDED_CODE_SIGN_IDENTITY} --preserve-metadata=identifier,entitlements \"$1\"\n}\n\necho \"Stripping frameworks\"\ncd \"${BUILT_PRODUCTS_DIR}/${FRAMEWORKS_FOLDER_PATH}\"\n\nfor file in $(find . -type f -perm +111); do\n# Skip non-dynamic libraries\nif ! [[ \"$(file \"$file\")\" == *\"dynamically linked shared library\"* ]]; then\ncontinue\nfi\n# Get architectures for current file\narchs=\"$(lipo -info \"${file}\" | rev | cut -d ':' -f1 | rev)\"\nstripped=\"\"\nfor arch in $archs; do\nif ! [[ \"${VALID_ARCHS}\" == *\"$arch\"* ]]; then\n# Strip non-valid architectures in-place\nlipo -remove \"$arch\" -output \"$file\" \"$file\" || exit 1\nstripped=\"$stripped $arch\"\nfi\ndone\nif [[ \"$stripped\" != \"\" ]]; then\necho \"Stripped $file of architectures:$stripped\"\nif [ \"${CODE_SIGNING_REQUIRED}\" == \"YES\" ]; then\ncode_sign \"${file}\"\nfi\nfi\ndone";
		};
/* End PBXShellScriptBuildPhase section */

/* Begin PBXSourcesBuildPhase section */
		717E69741BF03130002FED27 /* Sources */ = {
			isa = PBXSourcesBuildPhase;
			buildActionMask = 2147483647;
			files = (
				717E69831BF03130002FED27 /* ViewController.m in Sources */,
				717E69801BF03130002FED27 /* AppDelegate.m in Sources */,
				717E697D1BF03130002FED27 /* main.m in Sources */,
				71A5A2BE1BFA417000F6E572 /* TealiumHelper.m in Sources */,
			);
			runOnlyForDeploymentPostprocessing = 0;
		};
		717E698D1BF03130002FED27 /* Sources */ = {
			isa = PBXSourcesBuildPhase;
			buildActionMask = 2147483647;
			files = (
				717E69961BF03130002FED27 /* TealiumBlankAppTests.m in Sources */,
			);
			runOnlyForDeploymentPostprocessing = 0;
		};
		717E69981BF03130002FED27 /* Sources */ = {
			isa = PBXSourcesBuildPhase;
			buildActionMask = 2147483647;
			files = (
				717E69A11BF03131002FED27 /* TealiumBlankAppUITests.m in Sources */,
			);
			runOnlyForDeploymentPostprocessing = 0;
		};
/* End PBXSourcesBuildPhase section */

/* Begin PBXTargetDependency section */
		717E69931BF03130002FED27 /* PBXTargetDependency */ = {
			isa = PBXTargetDependency;
			target = 717E69771BF03130002FED27 /* Blank+Tealium-ObjC */;
			targetProxy = 717E69921BF03130002FED27 /* PBXContainerItemProxy */;
		};
		717E699E1BF03131002FED27 /* PBXTargetDependency */ = {
			isa = PBXTargetDependency;
			target = 717E69771BF03130002FED27 /* Blank+Tealium-ObjC */;
			targetProxy = 717E699D1BF03131002FED27 /* PBXContainerItemProxy */;
		};
/* End PBXTargetDependency section */

/* Begin PBXVariantGroup section */
		717E69841BF03130002FED27 /* Main.storyboard */ = {
			isa = PBXVariantGroup;
			children = (
				717E69851BF03130002FED27 /* Base */,
			);
			name = Main.storyboard;
			sourceTree = "<group>";
		};
		717E69891BF03130002FED27 /* LaunchScreen.storyboard */ = {
			isa = PBXVariantGroup;
			children = (
				717E698A1BF03130002FED27 /* Base */,
			);
			name = LaunchScreen.storyboard;
			sourceTree = "<group>";
		};
/* End PBXVariantGroup section */

/* Begin XCBuildConfiguration section */
		717E69A31BF03131002FED27 /* Debug */ = {
			isa = XCBuildConfiguration;
			buildSettings = {
				ALWAYS_SEARCH_USER_PATHS = NO;
				CLANG_CXX_LANGUAGE_STANDARD = "gnu++0x";
				CLANG_CXX_LIBRARY = "libc++";
				CLANG_ENABLE_MODULES = YES;
				CLANG_ENABLE_OBJC_ARC = YES;
				CLANG_WARN_BOOL_CONVERSION = YES;
				CLANG_WARN_CONSTANT_CONVERSION = YES;
				CLANG_WARN_DIRECT_OBJC_ISA_USAGE = YES_ERROR;
				CLANG_WARN_EMPTY_BODY = YES;
				CLANG_WARN_ENUM_CONVERSION = YES;
				CLANG_WARN_INT_CONVERSION = YES;
				CLANG_WARN_OBJC_ROOT_CLASS = YES_ERROR;
				CLANG_WARN_UNREACHABLE_CODE = YES;
				CLANG_WARN__DUPLICATE_METHOD_MATCH = YES;
				"CODE_SIGN_IDENTITY[sdk=iphoneos*]" = "iPhone Developer";
				COPY_PHASE_STRIP = NO;
				DEBUG_INFORMATION_FORMAT = dwarf;
				ENABLE_STRICT_OBJC_MSGSEND = YES;
				ENABLE_TESTABILITY = YES;
				GCC_C_LANGUAGE_STANDARD = gnu99;
				GCC_DYNAMIC_NO_PIC = NO;
				GCC_NO_COMMON_BLOCKS = YES;
				GCC_OPTIMIZATION_LEVEL = 0;
				GCC_PREPROCESSOR_DEFINITIONS = (
					"DEBUG=1",
					"$(inherited)",
				);
				GCC_WARN_64_TO_32_BIT_CONVERSION = YES;
				GCC_WARN_ABOUT_RETURN_TYPE = YES_ERROR;
				GCC_WARN_UNDECLARED_SELECTOR = YES;
				GCC_WARN_UNINITIALIZED_AUTOS = YES_AGGRESSIVE;
				GCC_WARN_UNUSED_FUNCTION = YES;
				GCC_WARN_UNUSED_VARIABLE = YES;
				IPHONEOS_DEPLOYMENT_TARGET = 9.1;
				MTL_ENABLE_DEBUG_INFO = YES;
				ONLY_ACTIVE_ARCH = YES;
				SDKROOT = iphoneos;
			};
			name = Debug;
		};
		717E69A41BF03131002FED27 /* Release */ = {
			isa = XCBuildConfiguration;
			buildSettings = {
				ALWAYS_SEARCH_USER_PATHS = NO;
				CLANG_CXX_LANGUAGE_STANDARD = "gnu++0x";
				CLANG_CXX_LIBRARY = "libc++";
				CLANG_ENABLE_MODULES = YES;
				CLANG_ENABLE_OBJC_ARC = YES;
				CLANG_WARN_BOOL_CONVERSION = YES;
				CLANG_WARN_CONSTANT_CONVERSION = YES;
				CLANG_WARN_DIRECT_OBJC_ISA_USAGE = YES_ERROR;
				CLANG_WARN_EMPTY_BODY = YES;
				CLANG_WARN_ENUM_CONVERSION = YES;
				CLANG_WARN_INT_CONVERSION = YES;
				CLANG_WARN_OBJC_ROOT_CLASS = YES_ERROR;
				CLANG_WARN_UNREACHABLE_CODE = YES;
				CLANG_WARN__DUPLICATE_METHOD_MATCH = YES;
				"CODE_SIGN_IDENTITY[sdk=iphoneos*]" = "iPhone Developer";
				COPY_PHASE_STRIP = NO;
				DEBUG_INFORMATION_FORMAT = "dwarf-with-dsym";
				ENABLE_NS_ASSERTIONS = NO;
				ENABLE_STRICT_OBJC_MSGSEND = YES;
				GCC_C_LANGUAGE_STANDARD = gnu99;
				GCC_NO_COMMON_BLOCKS = YES;
				GCC_WARN_64_TO_32_BIT_CONVERSION = YES;
				GCC_WARN_ABOUT_RETURN_TYPE = YES_ERROR;
				GCC_WARN_UNDECLARED_SELECTOR = YES;
				GCC_WARN_UNINITIALIZED_AUTOS = YES_AGGRESSIVE;
				GCC_WARN_UNUSED_FUNCTION = YES;
				GCC_WARN_UNUSED_VARIABLE = YES;
				IPHONEOS_DEPLOYMENT_TARGET = 9.1;
				MTL_ENABLE_DEBUG_INFO = NO;
				SDKROOT = iphoneos;
				VALIDATE_PRODUCT = YES;
			};
			name = Release;
		};
		717E69A61BF03131002FED27 /* Debug */ = {
			isa = XCBuildConfiguration;
			buildSettings = {
				ASSETCATALOG_COMPILER_APPICON_NAME = AppIcon;
				FRAMEWORK_SEARCH_PATHS = "../../**";
				INFOPLIST_FILE = TealiumBlankApp/Info.plist;
				LD_RUNPATH_SEARCH_PATHS = "$(inherited) @executable_path/Frameworks";
				PRODUCT_BUNDLE_IDENTIFIER = com.tealium.TealiumBlankApp;
				PRODUCT_NAME = "Blank+Tealium-ObjC";
			};
			name = Debug;
		};
		717E69A71BF03131002FED27 /* Release */ = {
			isa = XCBuildConfiguration;
			buildSettings = {
				ASSETCATALOG_COMPILER_APPICON_NAME = AppIcon;
				FRAMEWORK_SEARCH_PATHS = "../../**";
				INFOPLIST_FILE = TealiumBlankApp/Info.plist;
				LD_RUNPATH_SEARCH_PATHS = "$(inherited) @executable_path/Frameworks";
				PRODUCT_BUNDLE_IDENTIFIER = com.tealium.TealiumBlankApp;
				PRODUCT_NAME = "Blank+Tealium-ObjC";
			};
			name = Release;
		};
		717E69A91BF03131002FED27 /* Debug */ = {
			isa = XCBuildConfiguration;
			buildSettings = {
				BUNDLE_LOADER = "$(TEST_HOST)";
				INFOPLIST_FILE = TealiumBlankAppTests/Info.plist;
				LD_RUNPATH_SEARCH_PATHS = "$(inherited) @executable_path/Frameworks @loader_path/Frameworks";
				PRODUCT_BUNDLE_IDENTIFIER = com.tealium.TealiumBlankAppTests;
				PRODUCT_NAME = "Blank+Tealium-ObjC";
				TEST_HOST = "$(BUILT_PRODUCTS_DIR)/Blank+Tealium-ObjC.app/Blank+Tealium-ObjC";
			};
			name = Debug;
		};
		717E69AA1BF03131002FED27 /* Release */ = {
			isa = XCBuildConfiguration;
			buildSettings = {
				BUNDLE_LOADER = "$(TEST_HOST)";
				INFOPLIST_FILE = TealiumBlankAppTests/Info.plist;
				LD_RUNPATH_SEARCH_PATHS = "$(inherited) @executable_path/Frameworks @loader_path/Frameworks";
				PRODUCT_BUNDLE_IDENTIFIER = com.tealium.TealiumBlankAppTests;
				PRODUCT_NAME = "Blank+Tealium-ObjC";
				TEST_HOST = "$(BUILT_PRODUCTS_DIR)/Blank+Tealium-ObjC.app/Blank+Tealium-ObjC";
			};
			name = Release;
		};
		717E69AC1BF03131002FED27 /* Debug */ = {
			isa = XCBuildConfiguration;
			buildSettings = {
				INFOPLIST_FILE = TealiumBlankAppUITests/Info.plist;
				LD_RUNPATH_SEARCH_PATHS = "$(inherited) @executable_path/Frameworks @loader_path/Frameworks";
				PRODUCT_BUNDLE_IDENTIFIER = com.tealium.TealiumBlankAppUITests;
				PRODUCT_NAME = "Blank+Tealium-ObjC";
				TEST_TARGET_NAME = TealiumBlankApp;
				USES_XCTRUNNER = YES;
			};
			name = Debug;
		};
		717E69AD1BF03131002FED27 /* Release */ = {
			isa = XCBuildConfiguration;
			buildSettings = {
				INFOPLIST_FILE = TealiumBlankAppUITests/Info.plist;
				LD_RUNPATH_SEARCH_PATHS = "$(inherited) @executable_path/Frameworks @loader_path/Frameworks";
				PRODUCT_BUNDLE_IDENTIFIER = com.tealium.TealiumBlankAppUITests;
				PRODUCT_NAME = "Blank+Tealium-ObjC";
				TEST_TARGET_NAME = TealiumBlankApp;
				USES_XCTRUNNER = YES;
			};
			name = Release;
		};
/* End XCBuildConfiguration section */

/* Begin XCConfigurationList section */
		717E69731BF03130002FED27 /* Build configuration list for PBXProject "Blank+Tealium-ObjC" */ = {
			isa = XCConfigurationList;
			buildConfigurations = (
				717E69A31BF03131002FED27 /* Debug */,
				717E69A41BF03131002FED27 /* Release */,
			);
			defaultConfigurationIsVisible = 0;
			defaultConfigurationName = Release;
		};
		717E69A51BF03131002FED27 /* Build configuration list for PBXNativeTarget "Blank+Tealium-ObjC" */ = {
			isa = XCConfigurationList;
			buildConfigurations = (
				717E69A61BF03131002FED27 /* Debug */,
				717E69A71BF03131002FED27 /* Release */,
			);
			defaultConfigurationIsVisible = 0;
			defaultConfigurationName = Release;
		};
		717E69A81BF03131002FED27 /* Build configuration list for PBXNativeTarget "Blank+Tealium-ObjCTests" */ = {
			isa = XCConfigurationList;
			buildConfigurations = (
				717E69A91BF03131002FED27 /* Debug */,
				717E69AA1BF03131002FED27 /* Release */,
			);
			defaultConfigurationIsVisible = 0;
			defaultConfigurationName = Release;
		};
		717E69AB1BF03131002FED27 /* Build configuration list for PBXNativeTarget "Blank+Tealium-ObjCUITests" */ = {
			isa = XCConfigurationList;
			buildConfigurations = (
				717E69AC1BF03131002FED27 /* Debug */,
				717E69AD1BF03131002FED27 /* Release */,
			);
			defaultConfigurationIsVisible = 0;
			defaultConfigurationName = Release;
		};
/* End XCConfigurationList section */
	};
	rootObject = 717E69701BF03130002FED27 /* Project object */;
}
